
Microsoft Visual Studio Solution File, Format Version 12.00
# Visual Studio Version 17
VisualStudioVersion = 17.7.34009.444
MinimumVisualStudioVersion = 10.0.40219.1
Project("{9A19103F-16F7-4668-BE54-9A1E7A4F7556}") = "LaTiendaIS.Server", "LaTiendaIS.Server\LaTiendaIS.Server.csproj", "{131978F7-7411-4E6A-BF52-C1313DB7DB76}"
EndProject
Project("{9A19103F-16F7-4668-BE54-9A1E7A4F7556}") = "LaTiendaIS.Shared", "LaTiendaIS.Shared\LaTiendaIS.Shared.csproj", "{6FF2251D-BBE7-414B-B37E-1FF581CE1391}"
EndProject
Project("{9A19103F-16F7-4668-BE54-9A1E7A4F7556}") = "LaTiendaIS.Utilidades", "LaTiendaIS.Utilidades\LaTiendaIS.Utilidades.csproj", "{5DF3751A-8666-40EE-83D4-7670D923D5DE}"
EndProject
Project("{9A19103F-16F7-4668-BE54-9A1E7A4F7556}") = "LaTiendaIS.Client", "LaTiendaIS.Client\LaTiendaIS.Client.csproj", "{650E6214-FA68-43CC-AB07-2713302F8830}"
EndProject
Project("{9A19103F-16F7-4668-BE54-9A1E7A4F7556}") = "LaTiendaIS.Tests", "LaTiendaIS.Tests\LaTiendaIS.Tests.csproj", "{0C61A369-3169-4DB0-816D-352C7B846EFB}"
EndProject
Project("{9A19103F-16F7-4668-BE54-9A1E7A4F7556}") = "LaTiendaIs.SpecFlow", "LaTiendaIs.SpecFlow\LaTiendaIs.SpecFlow.csproj", "{17F6244C-82E8-41AE-B491-0DF1044E3F62}"
EndProject
Project("{FAE04EC0-301F-11D3-BF4B-00C04F79EFBC}") = "LaTiendaIS.Repositorio", "LaTiendaIS.Repositorio\LaTiendaIS.Repositorio.csproj", "{8503EE4B-DB01-48FC-A124-728E1AA316B3}"
EndProject
Project("{FAE04EC0-301F-11D3-BF4B-00C04F79EFBC}") = "LaTiendaIS.ServiciosAPI", "LaTiendaIS.ServiciosAPI\LaTiendaIS.ServiciosAPI.csproj", "{E5793D3F-0231-4F09-8B31-44309883ADB0}"
EndProject
Global
	GlobalSection(SolutionConfigurationPlatforms) = preSolution
		Debug|Any CPU = Debug|Any CPU
		Release|Any CPU = Release|Any CPU
	EndGlobalSection
	GlobalSection(ProjectConfigurationPlatforms) = postSolution
		{131978F7-7411-4E6A-BF52-C1313DB7DB76}.Debug|Any CPU.ActiveCfg = Debug|Any CPU
		{131978F7-7411-4E6A-BF52-C1313DB7DB76}.Debug|Any CPU.Build.0 = Debug|Any CPU
		{131978F7-7411-4E6A-BF52-C1313DB7DB76}.Release|Any CPU.ActiveCfg = Release|Any CPU
		{131978F7-7411-4E6A-BF52-C1313DB7DB76}.Release|Any CPU.Build.0 = Release|Any CPU
		{6FF2251D-BBE7-414B-B37E-1FF581CE1391}.Debug|Any CPU.ActiveCfg = Debug|Any CPU
		{6FF2251D-BBE7-414B-B37E-1FF581CE1391}.Debug|Any CPU.Build.0 = Debug|Any CPU
		{6FF2251D-BBE7-414B-B37E-1FF581CE1391}.Release|Any CPU.ActiveCfg = Release|Any CPU
		{6FF2251D-BBE7-414B-B37E-1FF581CE1391}.Release|Any CPU.Build.0 = Release|Any CPU
		{5DF3751A-8666-40EE-83D4-7670D923D5DE}.Debug|Any CPU.ActiveCfg = Debug|Any CPU
		{5DF3751A-8666-40EE-83D4-7670D923D5DE}.Debug|Any CPU.Build.0 = Debug|Any CPU
		{5DF3751A-8666-40EE-83D4-7670D923D5DE}.Release|Any CPU.ActiveCfg = Release|Any CPU
		{5DF3751A-8666-40EE-83D4-7670D923D5DE}.Release|Any CPU.Build.0 = Release|Any CPU
		{650E6214-FA68-43CC-AB07-2713302F8830}.Debug|Any CPU.ActiveCfg = Debug|Any CPU
		{650E6214-FA68-43CC-AB07-2713302F8830}.Debug|Any CPU.Build.0 = Debug|Any CPU
		{650E6214-FA68-43CC-AB07-2713302F8830}.Release|Any CPU.ActiveCfg = Release|Any CPU
		{650E6214-FA68-43CC-AB07-2713302F8830}.Release|Any CPU.Build.0 = Release|Any CPU
		{0C61A369-3169-4DB0-816D-352C7B846EFB}.Debug|Any CPU.ActiveCfg = Debug|Any CPU
		{0C61A369-3169-4DB0-816D-352C7B846EFB}.Debug|Any CPU.Build.0 = Debug|Any CPU
		{0C61A369-3169-4DB0-816D-352C7B846EFB}.Release|Any CPU.ActiveCfg = Release|Any CPU
		{0C61A369-3169-4DB0-816D-352C7B846EFB}.Release|Any CPU.Build.0 = Release|Any CPU
		{17F6244C-82E8-41AE-B491-0DF1044E3F62}.Debug|Any CPU.ActiveCfg = Debug|Any CPU
		{17F6244C-82E8-41AE-B491-0DF1044E3F62}.Debug|Any CPU.Build.0 = Debug|Any CPU
		{17F6244C-82E8-41AE-B491-0DF1044E3F62}.Release|Any CPU.ActiveCfg = Release|Any CPU
		{17F6244C-82E8-41AE-B491-0DF1044E3F62}.Release|Any CPU.Build.0 = Release|Any CPU
		{8503EE4B-DB01-48FC-A124-728E1AA316B3}.Debug|Any CPU.ActiveCfg = Debug|Any CPU
		{8503EE4B-DB01-48FC-A124-728E1AA316B3}.Debug|Any CPU.Build.0 = Debug|Any CPU
		{8503EE4B-DB01-48FC-A124-728E1AA316B3}.Release|Any CPU.ActiveCfg = Release|Any CPU
		{8503EE4B-DB01-48FC-A124-728E1AA316B3}.Release|Any CPU.Build.0 = Release|Any CPU
		{E5793D3F-0231-4F09-8B31-44309883ADB0}.Debug|Any CPU.ActiveCfg = Debug|Any CPU
		{E5793D3F-0231-4F09-8B31-44309883ADB0}.Debug|Any CPU.Build.0 = Debug|Any CPU
		{E5793D3F-0231-4F09-8B31-44309883ADB0}.Release|Any CPU.ActiveCfg = Release|Any CPU
		{E5793D3F-0231-4F09-8B31-44309883ADB0}.Release|Any CPU.Build.0 = Release|Any CPU
	EndGlobalSection
	GlobalSection(SolutionProperties) = preSolution
		HideSolutionNode = FALSE
	EndGlobalSection
	GlobalSection(ExtensibilityGlobals) = postSolution
		SolutionGuid = {22A6841B-5373-4E1E-B2E4-481416448CFF}
	EndGlobalSection
EndGlobal
