
Microsoft Visual Studio Solution File, Format Version 12.00
# Visual Studio Version 17
VisualStudioVersion = 17.7.34009.444
MinimumVisualStudioVersion = 10.0.40219.1
Project("{FAE04EC0-301F-11D3-BF4B-00C04F79EFBC}") = "LaTiendaIS.Server", "LaTiendaIS.Server\LaTiendaIS.Server.csproj", "{131978F7-7411-4E6A-BF52-C1313DB7DB76}"
EndProject
Project("{FAE04EC0-301F-11D3-BF4B-00C04F79EFBC}") = "LaTiendaIS.Shared", "LaTiendaIS.Shared\LaTiendaIS.Shared.csproj", "{6FF2251D-BBE7-414B-B37E-1FF581CE1391}"
EndProject
Global
	GlobalSection(SolutionConfigurationPlatforms) = preSolution
		Debug|Any CPU = Debug|Any CPU
		Release|Any CPU = Release|Any CPU
	EndGlobalSection
	GlobalSection(ProjectConfigurationPlatforms) = postSolution
		{131978F7-7411-4E6A-BF52-C1313DB7DB76}.Debug|Any CPU.ActiveCfg = Debug|Any CPU
		{131978F7-7411-4E6A-BF52-C1313DB7DB76}.Debug|Any CPU.Build.0 = Debug|Any CPU
		{131978F7-7411-4E6A-BF52-C1313DB7DB76}.Release|Any CPU.ActiveCfg = Release|Any CPU
		{131978F7-7411-4E6A-BF52-C1313DB7DB76}.Release|Any CPU.Build.0 = Release|Any CPU
		{6FF2251D-BBE7-414B-B37E-1FF581CE1391}.Debug|Any CPU.ActiveCfg = Debug|Any CPU
		{6FF2251D-BBE7-414B-B37E-1FF581CE1391}.Debug|Any CPU.Build.0 = Debug|Any CPU
		{6FF2251D-BBE7-414B-B37E-1FF581CE1391}.Release|Any CPU.ActiveCfg = Release|Any CPU
		{6FF2251D-BBE7-414B-B37E-1FF581CE1391}.Release|Any CPU.Build.0 = Release|Any CPU
	EndGlobalSection
	GlobalSection(SolutionProperties) = preSolution
		HideSolutionNode = FALSE
	EndGlobalSection
	GlobalSection(ExtensibilityGlobals) = postSolution
		SolutionGuid = {22A6841B-5373-4E1E-B2E4-481416448CFF}
	EndGlobalSection
EndGlobal
